// !$*UTF8*$!
{
	archiveVersion = 1;
	classes = {
	};
	objectVersion = 48;
	objects = {

/* Begin PBXBuildFile section */
		2AD54A7BE320AF491272547E /* libPods-CalculationGGGame.a in Frameworks */ = {isa = PBXBuildFile; fileRef = 566F6B3554E3BCD0280ED253 /* libPods-CalculationGGGame.a */; };
		EE62F62020EE44F000642F2C /* DetailVC.m in Sources */ = {isa = PBXBuildFile; fileRef = EE62F61F20EE44F000642F2C /* DetailVC.m */; };
		EE62F62420EE450E00642F2C /* DetailCell.m in Sources */ = {isa = PBXBuildFile; fileRef = EE62F62220EE450E00642F2C /* DetailCell.m */; };
		EE62F62520EE450E00642F2C /* DetailCell.xib in Resources */ = {isa = PBXBuildFile; fileRef = EE62F62320EE450E00642F2C /* DetailCell.xib */; };
		EEB9BB0420F0EF7700669A21 /* 答题情况.gif in Resources */ = {isa = PBXBuildFile; fileRef = EEB9BAFF20F0EF7600669A21 /* 答题情况.gif */; };
		EEB9BB0520F0EF7700669A21 /* 倒计时.gif in Resources */ = {isa = PBXBuildFile; fileRef = EEB9BB0020F0EF7600669A21 /* 倒计时.gif */; };
		EEB9BB0620F0EF7700669A21 /* 语言选择.gif in Resources */ = {isa = PBXBuildFile; fileRef = EEB9BB0120F0EF7600669A21 /* 语言选择.gif */; };
		EEB9BB0720F0EF7700669A21 /* 难度选择.gif in Resources */ = {isa = PBXBuildFile; fileRef = EEB9BB0220F0EF7600669A21 /* 难度选择.gif */; };
		EEB9BB0820F0EF7700669A21 /* 随机生成式子.gif in Resources */ = {isa = PBXBuildFile; fileRef = EEB9BB0320F0EF7600669A21 /* 随机生成式子.gif */; };
		EED8933A20EDBAAF00BFB9C1 /* QustionVC.m in Sources */ = {isa = PBXBuildFile; fileRef = EED8933920EDBAAF00BFB9C1 /* QustionVC.m */; };
		EEEDA8C020EDA1A3009D282D /* AppDelegate.m in Sources */ = {isa = PBXBuildFile; fileRef = EEEDA8BF20EDA1A3009D282D /* AppDelegate.m */; };
		EEEDA8C320EDA1A3009D282D /* ViewController.m in Sources */ = {isa = PBXBuildFile; fileRef = EEEDA8C220EDA1A3009D282D /* ViewController.m */; };
		EEEDA8C620EDA1A3009D282D /* Main.storyboard in Resources */ = {isa = PBXBuildFile; fileRef = EEEDA8C420EDA1A3009D282D /* Main.storyboard */; };
		EEEDA8C820EDA1A3009D282D /* Assets.xcassets in Resources */ = {isa = PBXBuildFile; fileRef = EEEDA8C720EDA1A3009D282D /* Assets.xcassets */; };
		EEEDA8CB20EDA1A3009D282D /* LaunchScreen.storyboard in Resources */ = {isa = PBXBuildFile; fileRef = EEEDA8C920EDA1A3009D282D /* LaunchScreen.storyboard */; };
		EEEDA8CE20EDA1A3009D282D /* main.m in Sources */ = {isa = PBXBuildFile; fileRef = EEEDA8CD20EDA1A3009D282D /* main.m */; };
/* End PBXBuildFile section */

/* Begin PBXFileReference section */
		566F6B3554E3BCD0280ED253 /* libPods-CalculationGGGame.a */ = {isa = PBXFileReference; explicitFileType = archive.ar; includeInIndex = 0; path = "libPods-CalculationGGGame.a"; sourceTree = BUILT_PRODUCTS_DIR; };
		ADBC6D6D457E94E50FC8F6EF /* Pods-CalculationGGGame.release.xcconfig */ = {isa = PBXFileReference; includeInIndex = 1; lastKnownFileType = text.xcconfig; name = "Pods-CalculationGGGame.release.xcconfig"; path = "Pods/Target Support Files/Pods-CalculationGGGame/Pods-CalculationGGGame.release.xcconfig"; sourceTree = "<group>"; };
		D9E7DBC62577D4F3531BE3B6 /* Pods-CalculationGGGame.debug.xcconfig */ = {isa = PBXFileReference; includeInIndex = 1; lastKnownFileType = text.xcconfig; name = "Pods-CalculationGGGame.debug.xcconfig"; path = "Pods/Target Support Files/Pods-CalculationGGGame/Pods-CalculationGGGame.debug.xcconfig"; sourceTree = "<group>"; };
		EE62F61E20EE44F000642F2C /* DetailVC.h */ = {isa = PBXFileReference; lastKnownFileType = sourcecode.c.h; path = DetailVC.h; sourceTree = "<group>"; };
		EE62F61F20EE44F000642F2C /* DetailVC.m */ = {isa = PBXFileReference; lastKnownFileType = sourcecode.c.objc; path = DetailVC.m; sourceTree = "<group>"; };
		EE62F62120EE450E00642F2C /* DetailCell.h */ = {isa = PBXFileReference; lastKnownFileType = sourcecode.c.h; path = DetailCell.h; sourceTree = "<group>"; };
		EE62F62220EE450E00642F2C /* DetailCell.m */ = {isa = PBXFileReference; lastKnownFileType = sourcecode.c.objc; path = DetailCell.m; sourceTree = "<group>"; };
		EE62F62320EE450E00642F2C /* DetailCell.xib */ = {isa = PBXFileReference; lastKnownFileType = file.xib; path = DetailCell.xib; sourceTree = "<group>"; };
		EEB9BAFF20F0EF7600669A21 /* 答题情况.gif */ = {isa = PBXFileReference; lastKnownFileType = image.gif; path = "答题情况.gif"; sourceTree = "<group>"; };
		EEB9BB0020F0EF7600669A21 /* 倒计时.gif */ = {isa = PBXFileReference; lastKnownFileType = image.gif; path = "倒计时.gif"; sourceTree = "<group>"; };
		EEB9BB0120F0EF7600669A21 /* 语言选择.gif */ = {isa = PBXFileReference; lastKnownFileType = image.gif; path = "语言选择.gif"; sourceTree = "<group>"; };
		EEB9BB0220F0EF7600669A21 /* 难度选择.gif */ = {isa = PBXFileReference; lastKnownFileType = image.gif; path = "难度选择.gif"; sourceTree = "<group>"; };
		EEB9BB0320F0EF7600669A21 /* 随机生成式子.gif */ = {isa = PBXFileReference; lastKnownFileType = image.gif; path = "随机生成式子.gif"; sourceTree = "<group>"; };
		EED8933820EDBAAF00BFB9C1 /* QustionVC.h */ = {isa = PBXFileReference; lastKnownFileType = sourcecode.c.h; path = QustionVC.h; sourceTree = "<group>"; };
		EED8933920EDBAAF00BFB9C1 /* QustionVC.m */ = {isa = PBXFileReference; lastKnownFileType = sourcecode.c.objc; path = QustionVC.m; sourceTree = "<group>"; };
		EEEDA8BB20EDA1A3009D282D /* CalculationGGGame.app */ = {isa = PBXFileReference; explicitFileType = wrapper.application; includeInIndex = 0; path = CalculationGGGame.app; sourceTree = BUILT_PRODUCTS_DIR; };
		EEEDA8BE20EDA1A3009D282D /* AppDelegate.h */ = {isa = PBXFileReference; lastKnownFileType = sourcecode.c.h; path = AppDelegate.h; sourceTree = "<group>"; };
		EEEDA8BF20EDA1A3009D282D /* AppDelegate.m */ = {isa = PBXFileReference; lastKnownFileType = sourcecode.c.objc; path = AppDelegate.m; sourceTree = "<group>"; };
		EEEDA8C120EDA1A3009D282D /* ViewController.h */ = {isa = PBXFileReference; lastKnownFileType = sourcecode.c.h; path = ViewController.h; sourceTree = "<group>"; };
		EEEDA8C220EDA1A3009D282D /* ViewController.m */ = {isa = PBXFileReference; lastKnownFileType = sourcecode.c.objc; path = ViewController.m; sourceTree = "<group>"; };
		EEEDA8C520EDA1A3009D282D /* Base */ = {isa = PBXFileReference; lastKnownFileType = file.storyboard; name = Base; path = Base.lproj/Main.storyboard; sourceTree = "<group>"; };
		EEEDA8C720EDA1A3009D282D /* Assets.xcassets */ = {isa = PBXFileReference; lastKnownFileType = folder.assetcatalog; path = Assets.xcassets; sourceTree = "<group>"; };
		EEEDA8CA20EDA1A3009D282D /* Base */ = {isa = PBXFileReference; lastKnownFileType = file.storyboard; name = Base; path = Base.lproj/LaunchScreen.storyboard; sourceTree = "<group>"; };
		EEEDA8CC20EDA1A3009D282D /* Info.plist */ = {isa = PBXFileReference; lastKnownFileType = text.plist.xml; path = Info.plist; sourceTree = "<group>"; };
		EEEDA8CD20EDA1A3009D282D /* main.m */ = {isa = PBXFileReference; lastKnownFileType = sourcecode.c.objc; path = main.m; sourceTree = "<group>"; };
/* End PBXFileReference section */

/* Begin PBXFrameworksBuildPhase section */
		EEEDA8B820EDA1A3009D282D /* Frameworks */ = {
			isa = PBXFrameworksBuildPhase;
			buildActionMask = 2147483647;
			files = (
				2AD54A7BE320AF491272547E /* libPods-CalculationGGGame.a in Frameworks */,
			);
			runOnlyForDeploymentPostprocessing = 0;
		};
/* End PBXFrameworksBuildPhase section */

/* Begin PBXGroup section */
		56F1DACBB4CAC4DDFABDCBEB /* Pods */ = {
			isa = PBXGroup;
			children = (
				D9E7DBC62577D4F3531BE3B6 /* Pods-CalculationGGGame.debug.xcconfig */,
				ADBC6D6D457E94E50FC8F6EF /* Pods-CalculationGGGame.release.xcconfig */,
			);
			name = Pods;
			sourceTree = "<group>";
		};
		622DB719074B9B0E4B2EC577 /* Frameworks */ = {
			isa = PBXGroup;
			children = (
				566F6B3554E3BCD0280ED253 /* libPods-CalculationGGGame.a */,
			);
			name = Frameworks;
			sourceTree = "<group>";
		};
		EEB9BAFE20F0EF6800669A21 /* Image */ = {
			isa = PBXGroup;
			children = (
				EEB9BAFF20F0EF7600669A21 /* 答题情况.gif */,
				EEB9BB0020F0EF7600669A21 /* 倒计时.gif */,
				EEB9BB0220F0EF7600669A21 /* 难度选择.gif */,
				EEB9BB0320F0EF7600669A21 /* 随机生成式子.gif */,
				EEB9BB0120F0EF7600669A21 /* 语言选择.gif */,
			);
			path = Image;
			sourceTree = "<group>";
		};
		EED8932820EDA4AA00BFB9C1 /* M */ = {
			isa = PBXGroup;
			children = (
			);
			path = M;
			sourceTree = "<group>";
		};
		EED8932920EDA4B600BFB9C1 /* V */ = {
			isa = PBXGroup;
			children = (
				EE62F62120EE450E00642F2C /* DetailCell.h */,
				EE62F62220EE450E00642F2C /* DetailCell.m */,
				EE62F62320EE450E00642F2C /* DetailCell.xib */,
			);
			path = V;
			sourceTree = "<group>";
		};
		EED8932A20EDA4BB00BFB9C1 /* C */ = {
			isa = PBXGroup;
			children = (
				EED8933820EDBAAF00BFB9C1 /* QustionVC.h */,
				EED8933920EDBAAF00BFB9C1 /* QustionVC.m */,
				EE62F61E20EE44F000642F2C /* DetailVC.h */,
				EE62F61F20EE44F000642F2C /* DetailVC.m */,
			);
			path = C;
			sourceTree = "<group>";
		};
		EEEDA8B220EDA1A3009D282D = {
			isa = PBXGroup;
			children = (
				EEEDA8BD20EDA1A3009D282D /* CalculationGGGame */,
				EEEDA8BC20EDA1A3009D282D /* Products */,
				56F1DACBB4CAC4DDFABDCBEB /* Pods */,
				622DB719074B9B0E4B2EC577 /* Frameworks */,
			);
			sourceTree = "<group>";
		};
		EEEDA8BC20EDA1A3009D282D /* Products */ = {
			isa = PBXGroup;
			children = (
				EEEDA8BB20EDA1A3009D282D /* CalculationGGGame.app */,
			);
			name = Products;
			sourceTree = "<group>";
		};
		EEEDA8BD20EDA1A3009D282D /* CalculationGGGame */ = {
			isa = PBXGroup;
			children = (
				EEB9BAFE20F0EF6800669A21 /* Image */,
				EED8932A20EDA4BB00BFB9C1 /* C */,
				EED8932920EDA4B600BFB9C1 /* V */,
				EED8932820EDA4AA00BFB9C1 /* M */,
				EEEDA8BE20EDA1A3009D282D /* AppDelegate.h */,
				EEEDA8BF20EDA1A3009D282D /* AppDelegate.m */,
				EEEDA8C120EDA1A3009D282D /* ViewController.h */,
				EEEDA8C220EDA1A3009D282D /* ViewController.m */,
				EEEDA8C420EDA1A3009D282D /* Main.storyboard */,
				EEEDA8C720EDA1A3009D282D /* Assets.xcassets */,
				EEEDA8C920EDA1A3009D282D /* LaunchScreen.storyboard */,
				EEEDA8CC20EDA1A3009D282D /* Info.plist */,
				EEEDA8CD20EDA1A3009D282D /* main.m */,
			);
			path = CalculationGGGame;
			sourceTree = "<group>";
		};
/* End PBXGroup section */

/* Begin PBXNativeTarget section */
		EEEDA8BA20EDA1A3009D282D /* CalculationGGGame */ = {
			isa = PBXNativeTarget;
			buildConfigurationList = EEEDA8D120EDA1A3009D282D /* Build configuration list for PBXNativeTarget "CalculationGGGame" */;
			buildPhases = (
				C81BE82F956E8614CC02B0BC /* [CP] Check Pods Manifest.lock */,
				EEEDA8B720EDA1A3009D282D /* Sources */,
				EEEDA8B820EDA1A3009D282D /* Frameworks */,
				EEEDA8B920EDA1A3009D282D /* Resources */,
				051E67E4950E69D89E6ECB9A /* [CP] Embed Pods Frameworks */,
				11484E231B628EA9F3947F46 /* [CP] Copy Pods Resources */,
			);
			buildRules = (
			);
			dependencies = (
			);
			name = CalculationGGGame;
			productName = CalculationGGGame;
			productReference = EEEDA8BB20EDA1A3009D282D /* CalculationGGGame.app */;
			productType = "com.apple.product-type.application";
		};
/* End PBXNativeTarget section */

/* Begin PBXProject section */
		EEEDA8B320EDA1A3009D282D /* Project object */ = {
			isa = PBXProject;
			attributes = {
				LastUpgradeCheck = 0920;
				ORGANIZATIONNAME = admin;
				TargetAttributes = {
					EEEDA8BA20EDA1A3009D282D = {
						CreatedOnToolsVersion = 9.2;
						ProvisioningStyle = Automatic;
					};
				};
			};
			buildConfigurationList = EEEDA8B620EDA1A3009D282D /* Build configuration list for PBXProject "CalculationGGGame" */;
			compatibilityVersion = "Xcode 8.0";
			developmentRegion = en;
			hasScannedForEncodings = 0;
			knownRegions = (
				en,
				Base,
			);
			mainGroup = EEEDA8B220EDA1A3009D282D;
			productRefGroup = EEEDA8BC20EDA1A3009D282D /* Products */;
			projectDirPath = "";
			projectRoot = "";
			targets = (
				EEEDA8BA20EDA1A3009D282D /* CalculationGGGame */,
			);
		};
/* End PBXProject section */

/* Begin PBXResourcesBuildPhase section */
		EEEDA8B920EDA1A3009D282D /* Resources */ = {
			isa = PBXResourcesBuildPhase;
			buildActionMask = 2147483647;
			files = (
				EEB9BB0520F0EF7700669A21 /* 倒计时.gif in Resources */,
				EEEDA8CB20EDA1A3009D282D /* LaunchScreen.storyboard in Resources */,
				EEB9BB0720F0EF7700669A21 /* 难度选择.gif in Resources */,
				EEB9BB0820F0EF7700669A21 /* 随机生成式子.gif in Resources */,
				EEEDA8C820EDA1A3009D282D /* Assets.xcassets in Resources */,
				EE62F62520EE450E00642F2C /* DetailCell.xib in Resources */,
				EEB9BB0620F0EF7700669A21 /* 语言选择.gif in Resources */,
				EEB9BB0420F0EF7700669A21 /* 答题情况.gif in Resources */,
				EEEDA8C620EDA1A3009D282D /* Main.storyboard in Resources */,
			);
			runOnlyForDeploymentPostprocessing = 0;
		};
/* End PBXResourcesBuildPhase section */

/* Begin PBXShellScriptBuildPhase section */
		051E67E4950E69D89E6ECB9A /* [CP] Embed Pods Frameworks */ = {
			isa = PBXShellScriptBuildPhase;
			buildActionMask = 2147483647;
			files = (
			);
			inputPaths = (
			);
			name = "[CP] Embed Pods Frameworks";
			outputPaths = (
			);
			runOnlyForDeploymentPostprocessing = 0;
			shellPath = /bin/sh;
			shellScript = "\"${SRCROOT}/Pods/Target Support Files/Pods-CalculationGGGame/Pods-CalculationGGGame-frameworks.sh\"\n";
			showEnvVarsInLog = 0;
		};
		11484E231B628EA9F3947F46 /* [CP] Copy Pods Resources */ = {
			isa = PBXShellScriptBuildPhase;
			buildActionMask = 2147483647;
			files = (
			);
			inputPaths = (
				"${SRCROOT}/Pods/Target Support Files/Pods-CalculationGGGame/Pods-CalculationGGGame-resources.sh",
				"${PODS_ROOT}/BRPickerView/BRPickerView/AddressPickerView/BRCity.plist",
			);
			name = "[CP] Copy Pods Resources";
			outputPaths = (
				"${TARGET_BUILD_DIR}/${UNLOCALIZED_RESOURCES_FOLDER_PATH}",
			);
			runOnlyForDeploymentPostprocessing = 0;
			shellPath = /bin/sh;
			shellScript = "\"${SRCROOT}/Pods/Target Support Files/Pods-CalculationGGGame/Pods-CalculationGGGame-resources.sh\"\n";
			showEnvVarsInLog = 0;
		};
		C81BE82F956E8614CC02B0BC /* [CP] Check Pods Manifest.lock */ = {
			isa = PBXShellScriptBuildPhase;
			buildActionMask = 2147483647;
			files = (
			);
			inputPaths = (
				"${PODS_PODFILE_DIR_PATH}/Podfile.lock",
				"${PODS_ROOT}/Manifest.lock",
			);
			name = "[CP] Check Pods Manifest.lock";
			outputPaths = (
				"$(DERIVED_FILE_DIR)/Pods-CalculationGGGame-checkManifestLockResult.txt",
			);
			runOnlyForDeploymentPostprocessing = 0;
			shellPath = /bin/sh;
			shellScript = "diff \"${PODS_PODFILE_DIR_PATH}/Podfile.lock\" \"${PODS_ROOT}/Manifest.lock\" > /dev/null\nif [ $? != 0 ] ; then\n    # print error to STDERR\n    echo \"error: The sandbox is not in sync with the Podfile.lock. Run 'pod install' or update your CocoaPods installation.\" >&2\n    exit 1\nfi\n# This output is used by Xcode 'outputs' to avoid re-running this script phase.\necho \"SUCCESS\" > \"${SCRIPT_OUTPUT_FILE_0}\"\n";
			showEnvVarsInLog = 0;
		};
/* End PBXShellScriptBuildPhase section */

/* Begin PBXSourcesBuildPhase section */
		EEEDA8B720EDA1A3009D282D /* Sources */ = {
			isa = PBXSourcesBuildPhase;
			buildActionMask = 2147483647;
			files = (
				EEEDA8C320EDA1A3009D282D /* ViewController.m in Sources */,
				EE62F62020EE44F000642F2C /* DetailVC.m in Sources */,
				EE62F62420EE450E00642F2C /* DetailCell.m in Sources */,
				EED8933A20EDBAAF00BFB9C1 /* QustionVC.m in Sources */,
				EEEDA8CE20EDA1A3009D282D /* main.m in Sources */,
				EEEDA8C020EDA1A3009D282D /* AppDelegate.m in Sources */,
			);
			runOnlyForDeploymentPostprocessing = 0;
		};
/* End PBXSourcesBuildPhase section */

/* Begin PBXVariantGroup section */
		EEEDA8C420EDA1A3009D282D /* Main.storyboard */ = {
			isa = PBXVariantGroup;
			children = (
				EEEDA8C520EDA1A3009D282D /* Base */,
			);
			name = Main.storyboard;
			sourceTree = "<group>";
		};
		EEEDA8C920EDA1A3009D282D /* LaunchScreen.storyboard */ = {
			isa = PBXVariantGroup;
			children = (
				EEEDA8CA20EDA1A3009D282D /* Base */,
			);
			name = LaunchScreen.storyboard;
			sourceTree = "<group>";
		};
/* End PBXVariantGroup section */

/* Begin XCBuildConfiguration section */
		EEEDA8CF20EDA1A3009D282D /* Debug */ = {
			isa = XCBuildConfiguration;
			buildSettings = {
				ALWAYS_SEARCH_USER_PATHS = NO;
				CLANG_ANALYZER_NONNULL = YES;
				CLANG_ANALYZER_NUMBER_OBJECT_CONVERSION = YES_AGGRESSIVE;
				CLANG_CXX_LANGUAGE_STANDARD = "gnu++14";
				CLANG_CXX_LIBRARY = "libc++";
				CLANG_ENABLE_MODULES = YES;
				CLANG_ENABLE_OBJC_ARC = YES;
				CLANG_WARN_BLOCK_CAPTURE_AUTORELEASING = YES;
				CLANG_WARN_BOOL_CONVERSION = YES;
				CLANG_WARN_COMMA = YES;
				CLANG_WARN_CONSTANT_CONVERSION = YES;
				CLANG_WARN_DIRECT_OBJC_ISA_USAGE = YES_ERROR;
				CLANG_WARN_DOCUMENTATION_COMMENTS = YES;
				CLANG_WARN_EMPTY_BODY = YES;
				CLANG_WARN_ENUM_CONVERSION = YES;
				CLANG_WARN_INFINITE_RECURSION = YES;
				CLANG_WARN_INT_CONVERSION = YES;
				CLANG_WARN_NON_LITERAL_NULL_CONVERSION = YES;
				CLANG_WARN_OBJC_LITERAL_CONVERSION = YES;
				CLANG_WARN_OBJC_ROOT_CLASS = YES_ERROR;
				CLANG_WARN_RANGE_LOOP_ANALYSIS = YES;
				CLANG_WARN_STRICT_PROTOTYPES = YES;
				CLANG_WARN_SUSPICIOUS_MOVE = YES;
				CLANG_WARN_UNGUARDED_AVAILABILITY = YES_AGGRESSIVE;
				CLANG_WARN_UNREACHABLE_CODE = YES;
				CLANG_WARN__DUPLICATE_METHOD_MATCH = YES;
				CODE_SIGN_IDENTITY = "iPhone Developer";
				COPY_PHASE_STRIP = NO;
				DEBUG_INFORMATION_FORMAT = dwarf;
				ENABLE_STRICT_OBJC_MSGSEND = YES;
				ENABLE_TESTABILITY = YES;
				GCC_C_LANGUAGE_STANDARD = gnu11;
				GCC_DYNAMIC_NO_PIC = NO;
				GCC_NO_COMMON_BLOCKS = YES;
				GCC_OPTIMIZATION_LEVEL = 0;
				GCC_PREPROCESSOR_DEFINITIONS = (
					"DEBUG=1",
					"$(inherited)",
				);
				GCC_WARN_64_TO_32_BIT_CONVERSION = YES;
				GCC_WARN_ABOUT_RETURN_TYPE = YES_ERROR;
				GCC_WARN_UNDECLARED_SELECTOR = YES;
				GCC_WARN_UNINITIALIZED_AUTOS = YES_AGGRESSIVE;
				GCC_WARN_UNUSED_FUNCTION = YES;
				GCC_WARN_UNUSED_VARIABLE = YES;
				IPHONEOS_DEPLOYMENT_TARGET = 11.2;
				MTL_ENABLE_DEBUG_INFO = YES;
				ONLY_ACTIVE_ARCH = YES;
				SDKROOT = iphoneos;
			};
			name = Debug;
		};
		EEEDA8D020EDA1A3009D282D /* Release */ = {
			isa = XCBuildConfiguration;
			buildSettings = {
				ALWAYS_SEARCH_USER_PATHS = NO;
				CLANG_ANALYZER_NONNULL = YES;
				CLANG_ANALYZER_NUMBER_OBJECT_CONVERSION = YES_AGGRESSIVE;
				CLANG_CXX_LANGUAGE_STANDARD = "gnu++14";
				CLANG_CXX_LIBRARY = "libc++";
				CLANG_ENABLE_MODULES = YES;
				CLANG_ENABLE_OBJC_ARC = YES;
				CLANG_WARN_BLOCK_CAPTURE_AUTORELEASING = YES;
				CLANG_WARN_BOOL_CONVERSION = YES;
				CLANG_WARN_COMMA = YES;
				CLANG_WARN_CONSTANT_CONVERSION = YES;
				CLANG_WARN_DIRECT_OBJC_ISA_USAGE = YES_ERROR;
				CLANG_WARN_DOCUMENTATION_COMMENTS = YES;
				CLANG_WARN_EMPTY_BODY = YES;
				CLANG_WARN_ENUM_CONVERSION = YES;
				CLANG_WARN_INFINITE_RECURSION = YES;
				CLANG_WARN_INT_CONVERSION = YES;
				CLANG_WARN_NON_LITERAL_NULL_CONVERSION = YES;
				CLANG_WARN_OBJC_LITERAL_CONVERSION = YES;
				CLANG_WARN_OBJC_ROOT_CLASS = YES_ERROR;
				CLANG_WARN_RANGE_LOOP_ANALYSIS = YES;
				CLANG_WARN_STRICT_PROTOTYPES = YES;
				CLANG_WARN_SUSPICIOUS_MOVE = YES;
				CLANG_WARN_UNGUARDED_AVAILABILITY = YES_AGGRESSIVE;
				CLANG_WARN_UNREACHABLE_CODE = YES;
				CLANG_WARN__DUPLICATE_METHOD_MATCH = YES;
				CODE_SIGN_IDENTITY = "iPhone Developer";
				COPY_PHASE_STRIP = NO;
				DEBUG_INFORMATION_FORMAT = "dwarf-with-dsym";
				ENABLE_NS_ASSERTIONS = NO;
				ENABLE_STRICT_OBJC_MSGSEND = YES;
				GCC_C_LANGUAGE_STANDARD = gnu11;
				GCC_NO_COMMON_BLOCKS = YES;
				GCC_WARN_64_TO_32_BIT_CONVERSION = YES;
				GCC_WARN_ABOUT_RETURN_TYPE = YES_ERROR;
				GCC_WARN_UNDECLARED_SELECTOR = YES;
				GCC_WARN_UNINITIALIZED_AUTOS = YES_AGGRESSIVE;
				GCC_WARN_UNUSED_FUNCTION = YES;
				GCC_WARN_UNUSED_VARIABLE = YES;
				IPHONEOS_DEPLOYMENT_TARGET = 11.2;
				MTL_ENABLE_DEBUG_INFO = NO;
				SDKROOT = iphoneos;
				VALIDATE_PRODUCT = YES;
			};
			name = Release;
		};
		EEEDA8D220EDA1A3009D282D /* Debug */ = {
			isa = XCBuildConfiguration;
			baseConfigurationReference = D9E7DBC62577D4F3531BE3B6 /* Pods-CalculationGGGame.debug.xcconfig */;
			buildSettings = {
				ASSETCATALOG_COMPILER_APPICON_NAME = AppIcon;
				CODE_SIGN_STYLE = Automatic;
				DEVELOPMENT_TEAM = R277934VJT;
				INFOPLIST_FILE = CalculationGGGame/Info.plist;
				LD_RUNPATH_SEARCH_PATHS = "$(inherited) @executable_path/Frameworks";
				PRODUCT_BUNDLE_IDENTIFIER = myself.CalculationGGGame;
				PRODUCT_NAME = "$(TARGET_NAME)";
				TARGETED_DEVICE_FAMILY = "1,2";
			};
			name = Debug;
		};
		EEEDA8D320EDA1A3009D282D /* Release */ = {
			isa = XCBuildConfiguration;
			baseConfigurationReference = ADBC6D6D457E94E50FC8F6EF /* Pods-CalculationGGGame.release.xcconfig */;
			buildSettings = {
				ASSETCATALOG_COMPILER_APPICON_NAME = AppIcon;
				CODE_SIGN_STYLE = Automatic;
				DEVELOPMENT_TEAM = R277934VJT;
				INFOPLIST_FILE = CalculationGGGame/Info.plist;
				LD_RUNPATH_SEARCH_PATHS = "$(inherited) @executable_path/Frameworks";
				PRODUCT_BUNDLE_IDENTIFIER = myself.CalculationGGGame;
				PRODUCT_NAME = "$(TARGET_NAME)";
				TARGETED_DEVICE_FAMILY = "1,2";
			};
			name = Release;
		};
/* End XCBuildConfiguration section */

/* Begin XCConfigurationList section */
		EEEDA8B620EDA1A3009D282D /* Build configuration list for PBXProject "CalculationGGGame" */ = {
			isa = XCConfigurationList;
			buildConfigurations = (
				EEEDA8CF20EDA1A3009D282D /* Debug */,
				EEEDA8D020EDA1A3009D282D /* Release */,
			);
			defaultConfigurationIsVisible = 0;
			defaultConfigurationName = Release;
		};
		EEEDA8D120EDA1A3009D282D /* Build configuration list for PBXNativeTarget "CalculationGGGame" */ = {
			isa = XCConfigurationList;
			buildConfigurations = (
				EEEDA8D220EDA1A3009D282D /* Debug */,
				EEEDA8D320EDA1A3009D282D /* Release */,
			);
			defaultConfigurationIsVisible = 0;
			defaultConfigurationName = Release;
		};
/* End XCConfigurationList section */
	};
	rootObject = EEEDA8B320EDA1A3009D282D /* Project object */;
}
